--- 
dependencies: 
  gsl: 
    group: 
    - :default
    version: = 1.12.109
  jekyll: 
    group: 
    - :default
    version: = 0.5.4
  rake: 
    group: 
    - :default
    version: = 0.8.7
  bundler: 
    group: 
    - :default
    version: = 0.9.14
specs: 
- rake: 
    version: 0.8.7
- RedCloth: 
    version: 4.2.3
- bundler: 
    version: 0.9.14
- stemmer: 
    version: 1.0.1
- classifier: 
    version: 1.3.1
- directory_watcher: 
    version: 1.3.1
- narray: 
    version: 0.5.9.7
- gsl: 
    version: 1.12.109
- liquid: 
    version: 2.0.0
- syntax: 
    version: 1.0.0
- maruku: 
    version: 0.6.0
- open4: 
    version: 1.0.1
- jekyll: 
    version: 0.5.4
hash: d0a7bd1b127fbfa04ac04e03e026ec6f1cd18a6d
sources: 
- Rubygems: 
    uri: http://gemcutter.org
